
Microsoft Visual Studio Solution File, Format Version 12.00
# Visual Studio 15
VisualStudioVersion = 15.0.27130.2027
MinimumVisualStudioVersion = 10.0.40219.1
Project("{9A19103F-16F7-4668-BE54-9A1E7A4F7556}") = "DiscordWebApp", "DiscordWebApp\DiscordWebApp.csproj", "{D9380386-54D4-4645-BCCF-D83171A004A5}"
EndProject
Project("{9A19103F-16F7-4668-BE54-9A1E7A4F7556}") = "DAL.Database", "DAL.Database\DAL.Database.csproj", "{DC289064-5540-4F3C-926C-62C2FD641AE9}"
EndProject
Project("{2150E333-8FDC-42A3-9474-1A3956D46DE8}") = "DAL1", "DAL1", "{E6A403C8-3B5F-4270-B9EA-AD54D79FB230}"
EndProject
Project("{2150E333-8FDC-42A3-9474-1A3956D46DE8}") = "Discord Bot Core", "Discord Bot Core", "{EBC9610F-23DD-49A0-AB3F-BC13947CDF27}"
EndProject
Project("{FAE04EC0-301F-11D3-BF4B-00C04F79EFBC}") = "DiscordBotCore", "DiscordBotCore\DiscordBotCore.csproj", "{482214E6-7929-4BC4-9E9D-3AC31CCB2DD9}"
EndProject
Global
	GlobalSection(SolutionConfigurationPlatforms) = preSolution
		Debug|Any CPU = Debug|Any CPU
		Release|Any CPU = Release|Any CPU
	EndGlobalSection
	GlobalSection(ProjectConfigurationPlatforms) = postSolution
		{D9380386-54D4-4645-BCCF-D83171A004A5}.Debug|Any CPU.ActiveCfg = Debug|Any CPU
		{D9380386-54D4-4645-BCCF-D83171A004A5}.Debug|Any CPU.Build.0 = Debug|Any CPU
		{D9380386-54D4-4645-BCCF-D83171A004A5}.Release|Any CPU.ActiveCfg = Release|Any CPU
		{D9380386-54D4-4645-BCCF-D83171A004A5}.Release|Any CPU.Build.0 = Release|Any CPU
		{DC289064-5540-4F3C-926C-62C2FD641AE9}.Debug|Any CPU.ActiveCfg = Debug|Any CPU
		{DC289064-5540-4F3C-926C-62C2FD641AE9}.Debug|Any CPU.Build.0 = Debug|Any CPU
		{DC289064-5540-4F3C-926C-62C2FD641AE9}.Release|Any CPU.ActiveCfg = Release|Any CPU
		{DC289064-5540-4F3C-926C-62C2FD641AE9}.Release|Any CPU.Build.0 = Release|Any CPU
		{482214E6-7929-4BC4-9E9D-3AC31CCB2DD9}.Debug|Any CPU.ActiveCfg = Debug|Any CPU
		{482214E6-7929-4BC4-9E9D-3AC31CCB2DD9}.Debug|Any CPU.Build.0 = Debug|Any CPU
		{482214E6-7929-4BC4-9E9D-3AC31CCB2DD9}.Release|Any CPU.ActiveCfg = Release|Any CPU
		{482214E6-7929-4BC4-9E9D-3AC31CCB2DD9}.Release|Any CPU.Build.0 = Release|Any CPU
	EndGlobalSection
	GlobalSection(SolutionProperties) = preSolution
		HideSolutionNode = FALSE
	EndGlobalSection
	GlobalSection(NestedProjects) = preSolution
		{DC289064-5540-4F3C-926C-62C2FD641AE9} = {E6A403C8-3B5F-4270-B9EA-AD54D79FB230}
		{482214E6-7929-4BC4-9E9D-3AC31CCB2DD9} = {EBC9610F-23DD-49A0-AB3F-BC13947CDF27}
	EndGlobalSection
	GlobalSection(ExtensibilityGlobals) = postSolution
		SolutionGuid = {6EC8DA92-0EC9-4067-9B37-6157C0C10244}
	EndGlobalSection
EndGlobal
